
Microsoft Visual Studio Solution File, Format Version 12.00
# Visual Studio 2017
Project("{FAE04EC0-301F-11D3-BF4B-00C04F79EFBC}") = "datasetsScenes_icdsc", "datasetsScenes_icdsc.csproj", "{B936FD9D-0AB3-0034-9830-CC83993B8093}"
EndProject
Project("{FAE04EC0-301F-11D3-BF4B-00C04F79EFBC}") = "datasetsScenes_icdsc.Editor", "datasetsScenes_icdsc.Editor.csproj", "{9C26A515-34BD-A6DE-4A7A-A1FBA25C8E4A}"
EndProject
Global
	GlobalSection(SolutionConfigurationPlatforms) = preSolution
		Debug|Any CPU = Debug|Any CPU
		Release|Any CPU = Release|Any CPU
	EndGlobalSection
	GlobalSection(ProjectConfigurationPlatforms) = postSolution
		{B936FD9D-0AB3-0034-9830-CC83993B8093}.Debug|Any CPU.ActiveCfg = Debug|Any CPU
		{B936FD9D-0AB3-0034-9830-CC83993B8093}.Debug|Any CPU.Build.0 = Debug|Any CPU
		{B936FD9D-0AB3-0034-9830-CC83993B8093}.Release|Any CPU.ActiveCfg = Release|Any CPU
		{B936FD9D-0AB3-0034-9830-CC83993B8093}.Release|Any CPU.Build.0 = Release|Any CPU
		{9C26A515-34BD-A6DE-4A7A-A1FBA25C8E4A}.Debug|Any CPU.ActiveCfg = Debug|Any CPU
		{9C26A515-34BD-A6DE-4A7A-A1FBA25C8E4A}.Debug|Any CPU.Build.0 = Debug|Any CPU
		{9C26A515-34BD-A6DE-4A7A-A1FBA25C8E4A}.Release|Any CPU.ActiveCfg = Release|Any CPU
		{9C26A515-34BD-A6DE-4A7A-A1FBA25C8E4A}.Release|Any CPU.Build.0 = Release|Any CPU
	EndGlobalSection
	GlobalSection(SolutionProperties) = preSolution
		HideSolutionNode = FALSE
	EndGlobalSection
EndGlobal
