
Microsoft Visual Studio Solution File, Format Version 12.00
# Visual Studio 2017
Project("{FAE04EC0-301F-11D3-BF4B-00C04F79EFBC}") = "datasetsScenes", "datasetsScenes.csproj", "{899B4933-B22B-5709-092D-66D04A29C8F8}"
EndProject
Project("{FAE04EC0-301F-11D3-BF4B-00C04F79EFBC}") = "datasetsScenes.Editor", "datasetsScenes.Editor.csproj", "{8C6D4FB5-81B6-B727-5CDD-767B82DD8292}"
EndProject
Global
	GlobalSection(SolutionConfigurationPlatforms) = preSolution
		Debug|Any CPU = Debug|Any CPU
		Release|Any CPU = Release|Any CPU
	EndGlobalSection
	GlobalSection(ProjectConfigurationPlatforms) = postSolution
		{899B4933-B22B-5709-092D-66D04A29C8F8}.Debug|Any CPU.ActiveCfg = Debug|Any CPU
		{899B4933-B22B-5709-092D-66D04A29C8F8}.Debug|Any CPU.Build.0 = Debug|Any CPU
		{899B4933-B22B-5709-092D-66D04A29C8F8}.Release|Any CPU.ActiveCfg = Release|Any CPU
		{899B4933-B22B-5709-092D-66D04A29C8F8}.Release|Any CPU.Build.0 = Release|Any CPU
		{8C6D4FB5-81B6-B727-5CDD-767B82DD8292}.Debug|Any CPU.ActiveCfg = Debug|Any CPU
		{8C6D4FB5-81B6-B727-5CDD-767B82DD8292}.Debug|Any CPU.Build.0 = Debug|Any CPU
		{8C6D4FB5-81B6-B727-5CDD-767B82DD8292}.Release|Any CPU.ActiveCfg = Release|Any CPU
		{8C6D4FB5-81B6-B727-5CDD-767B82DD8292}.Release|Any CPU.Build.0 = Release|Any CPU
	EndGlobalSection
	GlobalSection(SolutionProperties) = preSolution
		HideSolutionNode = FALSE
	EndGlobalSection
EndGlobal
